
Microsoft Visual Studio Solution File, Format Version 12.00
# Visual Studio 15
Project("{FAE04EC0-301F-11D3-BF4B-00C04F79EFBC}") = "SQLiteAppTools.Sample.Android", "SQLiteAppTools.Sample.Android\SQLiteAppTools.Sample.Android.csproj", "{C2AA41B8-3B9B-4A2F-8B9E-62D2509E9DC2}"
EndProject
Project("{FAE04EC0-301F-11D3-BF4B-00C04F79EFBC}") = "SQLiteAppTools.UITests", "SQLiteAppTools.UITests\SQLiteAppTools.UITests.csproj", "{2FA96BEA-C7B8-4EB4-9AAE-1227B4257F37}"
EndProject
Project("{FAE04EC0-301F-11D3-BF4B-00C04F79EFBC}") = "SQLiteAppTools.Sample", "SQLiteAppTools.Sample\SQLiteAppTools.Sample.csproj", "{8EEB68A4-CEA4-48F1-ACD1-50082B19D7D0}"
EndProject
Project("{FAE04EC0-301F-11D3-BF4B-00C04F79EFBC}") = "SQLiteAppTools", "SQLiteAppTools\SQLiteAppTools.csproj", "{9D0187C8-F39B-4374-AF59-7DBD76B1F22F}"
EndProject
Project("{FAE04EC0-301F-11D3-BF4B-00C04F79EFBC}") = "SQLiteAppTools.Sample.iOS", "SQLiteAppTools.Sample.iOS\SQLiteAppTools.Sample.iOS.csproj", "{BFA206E5-C90B-4B86-8FA5-05632512F8A3}"
EndProject
Project("{FAE04EC0-301F-11D3-BF4B-00C04F79EFBC}") = "SQLiteAppTools.Tests", "SQLiteAppTools.Tests\SQLiteAppTools.Tests.csproj", "{B28E2AD5-C717-45CB-908D-BB62C967F9FF}"
EndProject
Global
	GlobalSection(SolutionConfigurationPlatforms) = preSolution
		Debug|Any CPU = Debug|Any CPU
		Release|Any CPU = Release|Any CPU
		Debug|iPhoneSimulator = Debug|iPhoneSimulator
		Release|iPhoneSimulator = Release|iPhoneSimulator
		Debug|iPhone = Debug|iPhone
		Release|iPhone = Release|iPhone
	EndGlobalSection
	GlobalSection(ProjectConfigurationPlatforms) = postSolution
		{C2AA41B8-3B9B-4A2F-8B9E-62D2509E9DC2}.Debug|Any CPU.ActiveCfg = Debug|Any CPU
		{C2AA41B8-3B9B-4A2F-8B9E-62D2509E9DC2}.Debug|Any CPU.Build.0 = Debug|Any CPU
		{C2AA41B8-3B9B-4A2F-8B9E-62D2509E9DC2}.Release|Any CPU.ActiveCfg = Release|Any CPU
		{C2AA41B8-3B9B-4A2F-8B9E-62D2509E9DC2}.Release|Any CPU.Build.0 = Release|Any CPU
		{C2AA41B8-3B9B-4A2F-8B9E-62D2509E9DC2}.Debug|iPhoneSimulator.ActiveCfg = Debug|Any CPU
		{C2AA41B8-3B9B-4A2F-8B9E-62D2509E9DC2}.Debug|iPhoneSimulator.Build.0 = Debug|Any CPU
		{C2AA41B8-3B9B-4A2F-8B9E-62D2509E9DC2}.Release|iPhoneSimulator.ActiveCfg = Release|Any CPU
		{C2AA41B8-3B9B-4A2F-8B9E-62D2509E9DC2}.Release|iPhoneSimulator.Build.0 = Release|Any CPU
		{C2AA41B8-3B9B-4A2F-8B9E-62D2509E9DC2}.Debug|iPhone.ActiveCfg = Debug|Any CPU
		{C2AA41B8-3B9B-4A2F-8B9E-62D2509E9DC2}.Debug|iPhone.Build.0 = Debug|Any CPU
		{C2AA41B8-3B9B-4A2F-8B9E-62D2509E9DC2}.Release|iPhone.ActiveCfg = Release|Any CPU
		{C2AA41B8-3B9B-4A2F-8B9E-62D2509E9DC2}.Release|iPhone.Build.0 = Release|Any CPU
		{2FA96BEA-C7B8-4EB4-9AAE-1227B4257F37}.Debug|Any CPU.ActiveCfg = Debug|Any CPU
		{2FA96BEA-C7B8-4EB4-9AAE-1227B4257F37}.Debug|Any CPU.Build.0 = Debug|Any CPU
		{2FA96BEA-C7B8-4EB4-9AAE-1227B4257F37}.Release|Any CPU.ActiveCfg = Release|Any CPU
		{2FA96BEA-C7B8-4EB4-9AAE-1227B4257F37}.Release|Any CPU.Build.0 = Release|Any CPU
		{2FA96BEA-C7B8-4EB4-9AAE-1227B4257F37}.Debug|iPhoneSimulator.ActiveCfg = Debug|Any CPU
		{2FA96BEA-C7B8-4EB4-9AAE-1227B4257F37}.Debug|iPhoneSimulator.Build.0 = Debug|Any CPU
		{2FA96BEA-C7B8-4EB4-9AAE-1227B4257F37}.Release|iPhoneSimulator.ActiveCfg = Release|Any CPU
		{2FA96BEA-C7B8-4EB4-9AAE-1227B4257F37}.Release|iPhoneSimulator.Build.0 = Release|Any CPU
		{2FA96BEA-C7B8-4EB4-9AAE-1227B4257F37}.Debug|iPhone.ActiveCfg = Debug|Any CPU
		{2FA96BEA-C7B8-4EB4-9AAE-1227B4257F37}.Debug|iPhone.Build.0 = Debug|Any CPU
		{2FA96BEA-C7B8-4EB4-9AAE-1227B4257F37}.Release|iPhone.ActiveCfg = Release|Any CPU
		{2FA96BEA-C7B8-4EB4-9AAE-1227B4257F37}.Release|iPhone.Build.0 = Release|Any CPU
		{8EEB68A4-CEA4-48F1-ACD1-50082B19D7D0}.Debug|Any CPU.ActiveCfg = Debug|Any CPU
		{8EEB68A4-CEA4-48F1-ACD1-50082B19D7D0}.Debug|Any CPU.Build.0 = Debug|Any CPU
		{8EEB68A4-CEA4-48F1-ACD1-50082B19D7D0}.Release|Any CPU.ActiveCfg = Release|Any CPU
		{8EEB68A4-CEA4-48F1-ACD1-50082B19D7D0}.Release|Any CPU.Build.0 = Release|Any CPU
		{8EEB68A4-CEA4-48F1-ACD1-50082B19D7D0}.Debug|iPhoneSimulator.ActiveCfg = Debug|Any CPU
		{8EEB68A4-CEA4-48F1-ACD1-50082B19D7D0}.Debug|iPhoneSimulator.Build.0 = Debug|Any CPU
		{8EEB68A4-CEA4-48F1-ACD1-50082B19D7D0}.Release|iPhoneSimulator.ActiveCfg = Release|Any CPU
		{8EEB68A4-CEA4-48F1-ACD1-50082B19D7D0}.Release|iPhoneSimulator.Build.0 = Release|Any CPU
		{8EEB68A4-CEA4-48F1-ACD1-50082B19D7D0}.Debug|iPhone.ActiveCfg = Debug|Any CPU
		{8EEB68A4-CEA4-48F1-ACD1-50082B19D7D0}.Debug|iPhone.Build.0 = Debug|Any CPU
		{8EEB68A4-CEA4-48F1-ACD1-50082B19D7D0}.Release|iPhone.ActiveCfg = Release|Any CPU
		{8EEB68A4-CEA4-48F1-ACD1-50082B19D7D0}.Release|iPhone.Build.0 = Release|Any CPU
		{9D0187C8-F39B-4374-AF59-7DBD76B1F22F}.Debug|Any CPU.ActiveCfg = Debug|Any CPU
		{9D0187C8-F39B-4374-AF59-7DBD76B1F22F}.Debug|Any CPU.Build.0 = Debug|Any CPU
		{9D0187C8-F39B-4374-AF59-7DBD76B1F22F}.Release|Any CPU.ActiveCfg = Release|Any CPU
		{9D0187C8-F39B-4374-AF59-7DBD76B1F22F}.Release|Any CPU.Build.0 = Release|Any CPU
		{9D0187C8-F39B-4374-AF59-7DBD76B1F22F}.Debug|iPhoneSimulator.ActiveCfg = Debug|Any CPU
		{9D0187C8-F39B-4374-AF59-7DBD76B1F22F}.Debug|iPhoneSimulator.Build.0 = Debug|Any CPU
		{9D0187C8-F39B-4374-AF59-7DBD76B1F22F}.Release|iPhoneSimulator.ActiveCfg = Release|Any CPU
		{9D0187C8-F39B-4374-AF59-7DBD76B1F22F}.Release|iPhoneSimulator.Build.0 = Release|Any CPU
		{9D0187C8-F39B-4374-AF59-7DBD76B1F22F}.Debug|iPhone.ActiveCfg = Debug|Any CPU
		{9D0187C8-F39B-4374-AF59-7DBD76B1F22F}.Debug|iPhone.Build.0 = Debug|Any CPU
		{9D0187C8-F39B-4374-AF59-7DBD76B1F22F}.Release|iPhone.ActiveCfg = Release|Any CPU
		{9D0187C8-F39B-4374-AF59-7DBD76B1F22F}.Release|iPhone.Build.0 = Release|Any CPU
		{BFA206E5-C90B-4B86-8FA5-05632512F8A3}.Debug|Any CPU.ActiveCfg = Debug|iPhoneSimulator
		{BFA206E5-C90B-4B86-8FA5-05632512F8A3}.Debug|Any CPU.Build.0 = Debug|iPhoneSimulator
		{BFA206E5-C90B-4B86-8FA5-05632512F8A3}.Release|Any CPU.ActiveCfg = Release|iPhoneSimulator
		{BFA206E5-C90B-4B86-8FA5-05632512F8A3}.Release|Any CPU.Build.0 = Release|iPhoneSimulator
		{BFA206E5-C90B-4B86-8FA5-05632512F8A3}.Debug|iPhoneSimulator.ActiveCfg = Debug|iPhoneSimulator
		{BFA206E5-C90B-4B86-8FA5-05632512F8A3}.Debug|iPhoneSimulator.Build.0 = Debug|iPhoneSimulator
		{BFA206E5-C90B-4B86-8FA5-05632512F8A3}.Release|iPhoneSimulator.ActiveCfg = Release|iPhoneSimulator
		{BFA206E5-C90B-4B86-8FA5-05632512F8A3}.Release|iPhoneSimulator.Build.0 = Release|iPhoneSimulator
		{BFA206E5-C90B-4B86-8FA5-05632512F8A3}.Debug|iPhone.ActiveCfg = Debug|iPhone
		{BFA206E5-C90B-4B86-8FA5-05632512F8A3}.Debug|iPhone.Build.0 = Debug|iPhone
		{BFA206E5-C90B-4B86-8FA5-05632512F8A3}.Release|iPhone.ActiveCfg = Release|iPhone
		{BFA206E5-C90B-4B86-8FA5-05632512F8A3}.Release|iPhone.Build.0 = Release|iPhone
		{B28E2AD5-C717-45CB-908D-BB62C967F9FF}.Debug|Any CPU.ActiveCfg = Debug|Any CPU
		{B28E2AD5-C717-45CB-908D-BB62C967F9FF}.Debug|Any CPU.Build.0 = Debug|Any CPU
		{B28E2AD5-C717-45CB-908D-BB62C967F9FF}.Release|Any CPU.ActiveCfg = Release|Any CPU
		{B28E2AD5-C717-45CB-908D-BB62C967F9FF}.Release|Any CPU.Build.0 = Release|Any CPU
		{B28E2AD5-C717-45CB-908D-BB62C967F9FF}.Debug|iPhoneSimulator.ActiveCfg = Debug|Any CPU
		{B28E2AD5-C717-45CB-908D-BB62C967F9FF}.Debug|iPhoneSimulator.Build.0 = Debug|Any CPU
		{B28E2AD5-C717-45CB-908D-BB62C967F9FF}.Release|iPhoneSimulator.ActiveCfg = Release|Any CPU
		{B28E2AD5-C717-45CB-908D-BB62C967F9FF}.Release|iPhoneSimulator.Build.0 = Release|Any CPU
		{B28E2AD5-C717-45CB-908D-BB62C967F9FF}.Debug|iPhone.ActiveCfg = Debug|Any CPU
		{B28E2AD5-C717-45CB-908D-BB62C967F9FF}.Debug|iPhone.Build.0 = Debug|Any CPU
		{B28E2AD5-C717-45CB-908D-BB62C967F9FF}.Release|iPhone.ActiveCfg = Release|Any CPU
		{B28E2AD5-C717-45CB-908D-BB62C967F9FF}.Release|iPhone.Build.0 = Release|Any CPU
	EndGlobalSection
EndGlobal
